
Microsoft Visual Studio Solution File, Format Version 12.00
# Visual Studio Version 17
VisualStudioVersion = 17.4.33103.184
MinimumVisualStudioVersion = 10.0.40219.1
Project("{FAE04EC0-301F-11D3-BF4B-00C04F79EFBC}") = "JsonDemo", "JsonDemo.csproj", "{C33545E4-C1D4-4EF0-95FD-4B566BC86CEF}"
EndProject
Global
	GlobalSection(SolutionConfigurationPlatforms) = preSolution
		Debug|Any CPU = Debug|Any CPU
		Release|Any CPU = Release|Any CPU
	EndGlobalSection
	GlobalSection(ProjectConfigurationPlatforms) = postSolution
		{C33545E4-C1D4-4EF0-95FD-4B566BC86CEF}.Debug|Any CPU.ActiveCfg = Debug|Any CPU
		{C33545E4-C1D4-4EF0-95FD-4B566BC86CEF}.Debug|Any CPU.Build.0 = Debug|Any CPU
		{C33545E4-C1D4-4EF0-95FD-4B566BC86CEF}.Release|Any CPU.ActiveCfg = Release|Any CPU
		{C33545E4-C1D4-4EF0-95FD-4B566BC86CEF}.Release|Any CPU.Build.0 = Release|Any CPU
	EndGlobalSection
	GlobalSection(SolutionProperties) = preSolution
		HideSolutionNode = FALSE
	EndGlobalSection
	GlobalSection(ExtensibilityGlobals) = postSolution
		SolutionGuid = {1CFCC4BF-519D-466B-8E85-3B31F07982A6}
	EndGlobalSection
EndGlobal
